
Microsoft Visual Studio Solution File, Format Version 12.00
# Visual Studio Version 17
VisualStudioVersion = 17.13.35919.96 d17.13
MinimumVisualStudioVersion = 10.0.40219.1
Project("{FAE04EC0-301F-11D3-BF4B-00C04F79EFBC}") = "ApiGatewayService", "..\ApiGatewayService\ApiGatewayService.csproj", "{A272B9F8-D51C-4084-88BD-0D88E9C9A0D0}"
EndProject
Project("{FAE04EC0-301F-11D3-BF4B-00C04F79EFBC}") = "UserService", "..\UserService\UserService.csproj", "{EBCEE92C-FF7F-4B12-8D3E-ECA0C35F9738}"
EndProject
Project("{FAE04EC0-301F-11D3-BF4B-00C04F79EFBC}") = "ProductService", "..\ProductService\ProductService.csproj", "{AF8E347F-9C78-4553-BCD7-CEBA46A5A22F}"
EndProject
Project("{FAE04EC0-301F-11D3-BF4B-00C04F79EFBC}") = "OrderService", "..\OrderService\OrderService.csproj", "{A69275B6-3D72-4138-BFC0-440AF2AEAB34}"
EndProject
Project("{FAE04EC0-301F-11D3-BF4B-00C04F79EFBC}") = "NotificationService", "..\NotificationService\NotificationService.csproj", "{3F14104C-3E5C-49AB-8B8C-137E5D077C53}"
EndProject
Global
	GlobalSection(SolutionConfigurationPlatforms) = preSolution
		Debug|Any CPU = Debug|Any CPU
		Release|Any CPU = Release|Any CPU
	EndGlobalSection
	GlobalSection(ProjectConfigurationPlatforms) = postSolution
		{A272B9F8-D51C-4084-88BD-0D88E9C9A0D0}.Debug|Any CPU.ActiveCfg = Debug|Any CPU
		{A272B9F8-D51C-4084-88BD-0D88E9C9A0D0}.Debug|Any CPU.Build.0 = Debug|Any CPU
		{A272B9F8-D51C-4084-88BD-0D88E9C9A0D0}.Release|Any CPU.ActiveCfg = Release|Any CPU
		{A272B9F8-D51C-4084-88BD-0D88E9C9A0D0}.Release|Any CPU.Build.0 = Release|Any CPU
		{EBCEE92C-FF7F-4B12-8D3E-ECA0C35F9738}.Debug|Any CPU.ActiveCfg = Debug|Any CPU
		{EBCEE92C-FF7F-4B12-8D3E-ECA0C35F9738}.Debug|Any CPU.Build.0 = Debug|Any CPU
		{EBCEE92C-FF7F-4B12-8D3E-ECA0C35F9738}.Release|Any CPU.ActiveCfg = Release|Any CPU
		{EBCEE92C-FF7F-4B12-8D3E-ECA0C35F9738}.Release|Any CPU.Build.0 = Release|Any CPU
		{AF8E347F-9C78-4553-BCD7-CEBA46A5A22F}.Debug|Any CPU.ActiveCfg = Debug|Any CPU
		{AF8E347F-9C78-4553-BCD7-CEBA46A5A22F}.Debug|Any CPU.Build.0 = Debug|Any CPU
		{AF8E347F-9C78-4553-BCD7-CEBA46A5A22F}.Release|Any CPU.ActiveCfg = Release|Any CPU
		{AF8E347F-9C78-4553-BCD7-CEBA46A5A22F}.Release|Any CPU.Build.0 = Release|Any CPU
		{A69275B6-3D72-4138-BFC0-440AF2AEAB34}.Debug|Any CPU.ActiveCfg = Debug|Any CPU
		{A69275B6-3D72-4138-BFC0-440AF2AEAB34}.Debug|Any CPU.Build.0 = Debug|Any CPU
		{A69275B6-3D72-4138-BFC0-440AF2AEAB34}.Release|Any CPU.ActiveCfg = Release|Any CPU
		{A69275B6-3D72-4138-BFC0-440AF2AEAB34}.Release|Any CPU.Build.0 = Release|Any CPU
		{3F14104C-3E5C-49AB-8B8C-137E5D077C53}.Debug|Any CPU.ActiveCfg = Debug|Any CPU
		{3F14104C-3E5C-49AB-8B8C-137E5D077C53}.Debug|Any CPU.Build.0 = Debug|Any CPU
		{3F14104C-3E5C-49AB-8B8C-137E5D077C53}.Release|Any CPU.ActiveCfg = Release|Any CPU
		{3F14104C-3E5C-49AB-8B8C-137E5D077C53}.Release|Any CPU.Build.0 = Release|Any CPU
	EndGlobalSection
	GlobalSection(SolutionProperties) = preSolution
		HideSolutionNode = FALSE
	EndGlobalSection
	GlobalSection(ExtensibilityGlobals) = postSolution
		SolutionGuid = {ECAC17A2-B5E3-41F9-B5AE-1A04F4F7600D}
	EndGlobalSection
EndGlobal
